{
  "name": "@decorators/playground-di",
  "version": "1.0.0",
  "lockfileVersion": 1,
  "requires": true,
  "dependencies": {
    "@decorators/di": {
      "version": "file:../../di",
      "requires": {
        "reflect-metadata": "0.1.10"
      },
      "dependencies": {
        "@types/chai": {
          "version": "4.0.4",
          "bundled": true
        },
        "@types/mocha": {
          "version": "2.2.44",
          "bundled": true
        },
        "ansi-styles": {
          "version": "3.2.0",
          "bundled": true,
          "requires": {
            "color-convert": "1.9.0"
          }
        },
        "arrify": {
          "version": "1.0.1",
          "bundled": true
        },
        "assertion-error": {
          "version": "1.0.2",
          "bundled": true
        },
        "balanced-match": {
          "version": "1.0.0",
          "bundled": true
        },
        "brace-expansion": {
          "version": "1.1.8",
          "bundled": true,
          "requires": {
            "balanced-match": "1.0.0",
            "concat-map": "0.0.1"
          }
        },
        "browser-stdout": {
          "version": "1.3.0",
          "bundled": true
        },
        "chai": {
          "version": "4.1.2",
          "bundled": true,
          "requires": {
            "assertion-error": "1.0.2",
            "check-error": "1.0.2",
            "deep-eql": "3.0.1",
            "get-func-name": "2.0.0",
            "pathval": "1.1.0",
            "type-detect": "4.0.3"
          }
        },
        "chalk": {
          "version": "2.3.0",
          "bundled": true,
          "requires": {
            "ansi-styles": "3.2.0",
            "escape-string-regexp": "1.0.5",
            "supports-color": "4.4.0"
          }
        },
        "check-error": {
          "version": "1.0.2",
          "bundled": true
        },
        "color-convert": {
          "version": "1.9.0",
          "bundled": true,
          "requires": {
            "color-name": "1.1.3"
          }
        },
        "color-name": {
          "version": "1.1.3",
          "bundled": true
        },
        "commander": {
          "version": "2.11.0",
          "bundled": true
        },
        "concat-map": {
          "version": "0.0.1",
          "bundled": true
        },
        "debug": {
          "version": "3.1.0",
          "bundled": true,
          "requires": {
            "ms": "2.0.0"
          }
        },
        "deep-eql": {
          "version": "3.0.1",
          "bundled": true,
          "requires": {
            "type-detect": "4.0.3"
          }
        },
        "diff": {
          "version": "3.3.1",
          "bundled": true
        },
        "escape-string-regexp": {
          "version": "1.0.5",
          "bundled": true
        },
        "fs.realpath": {
          "version": "1.0.0",
          "bundled": true
        },
        "get-func-name": {
          "version": "2.0.0",
          "bundled": true
        },
        "glob": {
          "version": "7.1.2",
          "bundled": true,
          "requires": {
            "fs.realpath": "1.0.0",
            "inflight": "1.0.6",
            "inherits": "2.0.3",
            "minimatch": "3.0.4",
            "once": "1.4.0",
            "path-is-absolute": "1.0.1"
          }
        },
        "growl": {
          "version": "1.10.3",
          "bundled": true
        },
        "has-flag": {
          "version": "2.0.0",
          "bundled": true
        },
        "he": {
          "version": "1.1.1",
          "bundled": true
        },
        "homedir-polyfill": {
          "version": "1.0.1",
          "bundled": true,
          "requires": {
            "parse-passwd": "1.0.0"
          }
        },
        "inflight": {
          "version": "1.0.6",
          "bundled": true,
          "requires": {
            "once": "1.4.0",
            "wrappy": "1.0.2"
          }
        },
        "inherits": {
          "version": "2.0.3",
          "bundled": true
        },
        "make-error": {
          "version": "1.3.0",
          "bundled": true
        },
        "minimatch": {
          "version": "3.0.4",
          "bundled": true,
          "requires": {
            "brace-expansion": "1.1.8"
          }
        },
        "minimist": {
          "version": "0.0.8",
          "bundled": true
        },
        "mkdirp": {
          "version": "0.5.1",
          "bundled": true,
          "requires": {
            "minimist": "0.0.8"
          }
        },
        "mocha": {
          "version": "4.0.1",
          "bundled": true,
          "requires": {
            "browser-stdout": "1.3.0",
            "commander": "2.11.0",
            "debug": "3.1.0",
            "diff": "3.3.1",
            "escape-string-regexp": "1.0.5",
            "glob": "7.1.2",
            "growl": "1.10.3",
            "he": "1.1.1",
            "mkdirp": "0.5.1",
            "supports-color": "4.4.0"
          }
        },
        "ms": {
          "version": "2.0.0",
          "bundled": true
        },
        "once": {
          "version": "1.4.0",
          "bundled": true,
          "requires": {
            "wrappy": "1.0.2"
          }
        },
        "parse-passwd": {
          "version": "1.0.0",
          "bundled": true
        },
        "path-is-absolute": {
          "version": "1.0.1",
          "bundled": true
        },
        "pathval": {
          "version": "1.1.0",
          "bundled": true
        },
        "reflect-metadata": {
          "version": "0.1.10",
          "bundled": true
        },
        "source-map": {
          "version": "0.5.7",
          "bundled": true
        },
        "source-map-support": {
          "version": "0.4.18",
          "bundled": true,
          "requires": {
            "source-map": "0.5.7"
          }
        },
        "strip-bom": {
          "version": "3.0.0",
          "bundled": true
        },
        "strip-json-comments": {
          "version": "2.0.1",
          "bundled": true
        },
        "supports-color": {
          "version": "4.4.0",
          "bundled": true,
          "requires": {
            "has-flag": "2.0.0"
          }
        },
        "ts-node": {
          "version": "3.3.0",
          "bundled": true,
          "requires": {
            "arrify": "1.0.1",
            "chalk": "2.3.0",
            "diff": "3.3.1",
            "make-error": "1.3.0",
            "minimist": "1.2.0",
            "mkdirp": "0.5.1",
            "source-map-support": "0.4.18",
            "tsconfig": "6.0.0",
            "v8flags": "3.0.1",
            "yn": "2.0.0"
          },
          "dependencies": {
            "minimist": {
              "version": "1.2.0",
              "bundled": true
            }
          }
        },
        "tsconfig": {
          "version": "6.0.0",
          "bundled": true,
          "requires": {
            "strip-bom": "3.0.0",
            "strip-json-comments": "2.0.1"
          }
        },
        "type-detect": {
          "version": "4.0.3",
          "bundled": true
        },
        "typescript": {
          "version": "2.5.3",
          "bundled": true
        },
        "v8flags": {
          "version": "3.0.1",
          "bundled": true,
          "requires": {
            "homedir-polyfill": "1.0.1"
          }
        },
        "wrappy": {
          "version": "1.0.2",
          "bundled": true
        },
        "yn": {
          "version": "2.0.0",
          "bundled": true
        }
      }
    },
    "typescript": {
      "version": "2.6.1",
      "resolved": "https://registry.npmjs.org/typescript/-/typescript-2.6.1.tgz",
      "integrity": "sha1-7znN6ierrAtQAkLWcmq5DgyEZjE=",
      "dev": true
    }
  }
}
